
Microsoft Visual Studio Solution File, Format Version 12.00
# Visual Studio Version 16
VisualStudioVersion = 16.0.30804.86
MinimumVisualStudioVersion = 10.0.40219.1
Project("{9A19103F-16F7-4668-BE54-9A1E7A4F7556}") = "DefinexCase", "DefinexCase\DefinexCase.csproj", "{9EECF749-38C0-4966-BF36-98C79A8901C9}"
EndProject
Project("{FAE04EC0-301F-11D3-BF4B-00C04F79EFBC}") = "DefinexCase.Service", "DefinexCase.Service\DefinexCase.Service.csproj", "{9A534E36-9812-4904-97BA-114431F98180}"
EndProject
Global
	GlobalSection(SolutionConfigurationPlatforms) = preSolution
		Debug|Any CPU = Debug|Any CPU
		Release|Any CPU = Release|Any CPU
	EndGlobalSection
	GlobalSection(ProjectConfigurationPlatforms) = postSolution
		{9EECF749-38C0-4966-BF36-98C79A8901C9}.Debug|Any CPU.ActiveCfg = Debug|Any CPU
		{9EECF749-38C0-4966-BF36-98C79A8901C9}.Debug|Any CPU.Build.0 = Debug|Any CPU
		{9EECF749-38C0-4966-BF36-98C79A8901C9}.Release|Any CPU.ActiveCfg = Release|Any CPU
		{9EECF749-38C0-4966-BF36-98C79A8901C9}.Release|Any CPU.Build.0 = Release|Any CPU
		{9A534E36-9812-4904-97BA-114431F98180}.Debug|Any CPU.ActiveCfg = Debug|Any CPU
		{9A534E36-9812-4904-97BA-114431F98180}.Debug|Any CPU.Build.0 = Debug|Any CPU
		{9A534E36-9812-4904-97BA-114431F98180}.Release|Any CPU.ActiveCfg = Release|Any CPU
		{9A534E36-9812-4904-97BA-114431F98180}.Release|Any CPU.Build.0 = Release|Any CPU
	EndGlobalSection
	GlobalSection(SolutionProperties) = preSolution
		HideSolutionNode = FALSE
	EndGlobalSection
	GlobalSection(ExtensibilityGlobals) = postSolution
		SolutionGuid = {AE182AA4-2FA9-4971-B56F-4F4AB23AE66D}
	EndGlobalSection
EndGlobal
